
Microsoft Visual Studio Solution File, Format Version 12.00
# Visual Studio Version 17
VisualStudioVersion = 17.1.32421.90
MinimumVisualStudioVersion = 10.0.40219.1
Project("{FAE04EC0-301F-11D3-BF4B-00C04F79EFBC}") = "LinqCollections", "LinqCollections\LinqCollections.csproj", "{A0FB0F63-798D-4B25-BCAF-BF2489219340}"
EndProject
Global
	GlobalSection(SolutionConfigurationPlatforms) = preSolution
		Debug|Any CPU = Debug|Any CPU
		Release|Any CPU = Release|Any CPU
	EndGlobalSection
	GlobalSection(ProjectConfigurationPlatforms) = postSolution
		{A0FB0F63-798D-4B25-BCAF-BF2489219340}.Debug|Any CPU.ActiveCfg = Debug|Any CPU
		{A0FB0F63-798D-4B25-BCAF-BF2489219340}.Debug|Any CPU.Build.0 = Debug|Any CPU
		{A0FB0F63-798D-4B25-BCAF-BF2489219340}.Release|Any CPU.ActiveCfg = Release|Any CPU
		{A0FB0F63-798D-4B25-BCAF-BF2489219340}.Release|Any CPU.Build.0 = Release|Any CPU
	EndGlobalSection
	GlobalSection(SolutionProperties) = preSolution
		HideSolutionNode = FALSE
	EndGlobalSection
	GlobalSection(ExtensibilityGlobals) = postSolution
		SolutionGuid = {147C7E46-6611-41CE-B5B3-48DE65774286}
	EndGlobalSection
EndGlobal
